
Microsoft Visual Studio Solution File, Format Version 12.00
# Visual Studio Version 17
VisualStudioVersion = 17.5.002.0
MinimumVisualStudioVersion = 10.0.40219.1
Project("{9A19103F-16F7-4668-BE54-9A1E7A4F7556}") = "csharp", "csharp.csproj", "{71A520F5-F488-4F5F-870F-556A18F6833E}"
EndProject
Global
	GlobalSection(SolutionConfigurationPlatforms) = preSolution
		Debug|Any CPU = Debug|Any CPU
		Release|Any CPU = Release|Any CPU
	EndGlobalSection
	GlobalSection(ProjectConfigurationPlatforms) = postSolution
		{71A520F5-F488-4F5F-870F-556A18F6833E}.Debug|Any CPU.ActiveCfg = Debug|Any CPU
		{71A520F5-F488-4F5F-870F-556A18F6833E}.Debug|Any CPU.Build.0 = Debug|Any CPU
		{71A520F5-F488-4F5F-870F-556A18F6833E}.Release|Any CPU.ActiveCfg = Release|Any CPU
		{71A520F5-F488-4F5F-870F-556A18F6833E}.Release|Any CPU.Build.0 = Release|Any CPU
	EndGlobalSection
	GlobalSection(SolutionProperties) = preSolution
		HideSolutionNode = FALSE
	EndGlobalSection
	GlobalSection(ExtensibilityGlobals) = postSolution
		SolutionGuid = {C1FF1DE3-73FF-4A93-9E72-E73201B312B3}
	EndGlobalSection
EndGlobal
