
Microsoft Visual Studio Solution File, Format Version 12.00
# Visual Studio Version 17
VisualStudioVersion = 17.5.002.0
MinimumVisualStudioVersion = 10.0.40219.1
Project("{9A19103F-16F7-4668-BE54-9A1E7A4F7556}") = "csharp", "csharp.csproj", "{7AF6D03A-C73F-4F55-9F3D-BF89B926CE67}"
EndProject
Global
	GlobalSection(SolutionConfigurationPlatforms) = preSolution
		Debug|Any CPU = Debug|Any CPU
		Release|Any CPU = Release|Any CPU
	EndGlobalSection
	GlobalSection(ProjectConfigurationPlatforms) = postSolution
		{7AF6D03A-C73F-4F55-9F3D-BF89B926CE67}.Debug|Any CPU.ActiveCfg = Debug|Any CPU
		{7AF6D03A-C73F-4F55-9F3D-BF89B926CE67}.Debug|Any CPU.Build.0 = Debug|Any CPU
		{7AF6D03A-C73F-4F55-9F3D-BF89B926CE67}.Release|Any CPU.ActiveCfg = Release|Any CPU
		{7AF6D03A-C73F-4F55-9F3D-BF89B926CE67}.Release|Any CPU.Build.0 = Release|Any CPU
	EndGlobalSection
	GlobalSection(SolutionProperties) = preSolution
		HideSolutionNode = FALSE
	EndGlobalSection
	GlobalSection(ExtensibilityGlobals) = postSolution
		SolutionGuid = {D21CDF3F-10AF-45AB-A891-38443D448F69}
	EndGlobalSection
EndGlobal
