
Microsoft Visual Studio Solution File, Format Version 12.00
# Visual Studio Version 17
VisualStudioVersion = 17.5.002.0
MinimumVisualStudioVersion = 10.0.40219.1
Project("{9A19103F-16F7-4668-BE54-9A1E7A4F7556}") = "csharp", "csharp.csproj", "{F05842BF-50F3-41D1-8556-C8B51D24CD03}"
EndProject
Global
	GlobalSection(SolutionConfigurationPlatforms) = preSolution
		Debug|Any CPU = Debug|Any CPU
		Release|Any CPU = Release|Any CPU
	EndGlobalSection
	GlobalSection(ProjectConfigurationPlatforms) = postSolution
		{F05842BF-50F3-41D1-8556-C8B51D24CD03}.Debug|Any CPU.ActiveCfg = Debug|Any CPU
		{F05842BF-50F3-41D1-8556-C8B51D24CD03}.Debug|Any CPU.Build.0 = Debug|Any CPU
		{F05842BF-50F3-41D1-8556-C8B51D24CD03}.Release|Any CPU.ActiveCfg = Release|Any CPU
		{F05842BF-50F3-41D1-8556-C8B51D24CD03}.Release|Any CPU.Build.0 = Release|Any CPU
	EndGlobalSection
	GlobalSection(SolutionProperties) = preSolution
		HideSolutionNode = FALSE
	EndGlobalSection
	GlobalSection(ExtensibilityGlobals) = postSolution
		SolutionGuid = {8F56DFBB-402C-487B-80D6-D3260A98D9A4}
	EndGlobalSection
EndGlobal
